
Microsoft Visual Studio Solution File, Format Version 12.00
# Visual Studio Version 17
VisualStudioVersion = 17.14.36109.1 d17.14
MinimumVisualStudioVersion = 10.0.40219.1
Project("{FAE04EC0-301F-11D3-BF4B-00C04F79EFBC}") = "Закупки Win Forms", "Закупки Win Forms\Закупки Win Forms.csproj", "{57F80E87-340E-42F6-8F4F-AE7573145ECC}"
EndProject
Global
	GlobalSection(SolutionConfigurationPlatforms) = preSolution
		Debug|Any CPU = Debug|Any CPU
		Release|Any CPU = Release|Any CPU
	EndGlobalSection
	GlobalSection(ProjectConfigurationPlatforms) = postSolution
		{57F80E87-340E-42F6-8F4F-AE7573145ECC}.Debug|Any CPU.ActiveCfg = Debug|Any CPU
		{57F80E87-340E-42F6-8F4F-AE7573145ECC}.Debug|Any CPU.Build.0 = Debug|Any CPU
		{57F80E87-340E-42F6-8F4F-AE7573145ECC}.Release|Any CPU.ActiveCfg = Release|Any CPU
		{57F80E87-340E-42F6-8F4F-AE7573145ECC}.Release|Any CPU.Build.0 = Release|Any CPU
	EndGlobalSection
	GlobalSection(SolutionProperties) = preSolution
		HideSolutionNode = FALSE
	EndGlobalSection
	GlobalSection(ExtensibilityGlobals) = postSolution
		SolutionGuid = {7763E3DF-17E2-479D-9132-DFB029721B44}
	EndGlobalSection
EndGlobal
